
Microsoft Visual Studio Solution File, Format Version 12.00
# Visual Studio 14
VisualStudioVersion = 14.0.24720.0
MinimumVisualStudioVersion = 10.0.40219.1
Project("{FAE04EC0-301F-11D3-BF4B-00C04F79EFBC}") = "WebApi.HelpPage", "WebApi.HelpPage\WebApi.HelpPage.csproj", "{48D683A4-53DD-41E3-B045-E0925AD8A4D2}"
EndProject
Project("{FAE04EC0-301F-11D3-BF4B-00C04F79EFBC}") = "WebApi.HelpPage.Sample", "WebApi.HelpPage.Sample\WebApi.HelpPage.Sample.csproj", "{C398CA5B-93C8-421E-9539-DE777B0103D8}"
EndProject
Global
	GlobalSection(SolutionConfigurationPlatforms) = preSolution
		Debug|Any CPU = Debug|Any CPU
		Release|Any CPU = Release|Any CPU
	EndGlobalSection
	GlobalSection(ProjectConfigurationPlatforms) = postSolution
		{48D683A4-53DD-41E3-B045-E0925AD8A4D2}.Debug|Any CPU.ActiveCfg = Debug|Any CPU
		{48D683A4-53DD-41E3-B045-E0925AD8A4D2}.Debug|Any CPU.Build.0 = Debug|Any CPU
		{48D683A4-53DD-41E3-B045-E0925AD8A4D2}.Release|Any CPU.ActiveCfg = Release|Any CPU
		{48D683A4-53DD-41E3-B045-E0925AD8A4D2}.Release|Any CPU.Build.0 = Release|Any CPU
		{C398CA5B-93C8-421E-9539-DE777B0103D8}.Debug|Any CPU.ActiveCfg = Debug|Any CPU
		{C398CA5B-93C8-421E-9539-DE777B0103D8}.Debug|Any CPU.Build.0 = Debug|Any CPU
		{C398CA5B-93C8-421E-9539-DE777B0103D8}.Release|Any CPU.ActiveCfg = Release|Any CPU
		{C398CA5B-93C8-421E-9539-DE777B0103D8}.Release|Any CPU.Build.0 = Release|Any CPU
	EndGlobalSection
	GlobalSection(SolutionProperties) = preSolution
		HideSolutionNode = FALSE
	EndGlobalSection
EndGlobal
